
Microsoft Visual Studio Solution File, Format Version 12.00
# Visual Studio Version 16
VisualStudioVersion = 16.0.30709.132
MinimumVisualStudioVersion = 10.0.40219.1
Project("{FAE04EC0-301F-11D3-BF4B-00C04F79EFBC}") = "Kviz.Android", "Kviz\Kviz.Android\Kviz.Android.csproj", "{A0FC2C4E-B6D6-48F8-8797-EE1FD5830005}"
EndProject
Project("{FAE04EC0-301F-11D3-BF4B-00C04F79EFBC}") = "Kviz.iOS", "Kviz\Kviz.iOS\Kviz.iOS.csproj", "{F429B052-4723-40BB-8EF3-3037A8F69E45}"
EndProject
Project("{FAE04EC0-301F-11D3-BF4B-00C04F79EFBC}") = "Kviz", "Kviz\Kviz\Kviz.csproj", "{41856D27-9D4D-4FE5-991F-FF30654292A2}"
EndProject
Global
	GlobalSection(SolutionConfigurationPlatforms) = preSolution
		Debug|Any CPU = Debug|Any CPU
		Debug|iPhone = Debug|iPhone
		Debug|iPhoneSimulator = Debug|iPhoneSimulator
		Release|Any CPU = Release|Any CPU
		Release|iPhone = Release|iPhone
		Release|iPhoneSimulator = Release|iPhoneSimulator
	EndGlobalSection
	GlobalSection(ProjectConfigurationPlatforms) = postSolution
		{A0FC2C4E-B6D6-48F8-8797-EE1FD5830005}.Debug|Any CPU.ActiveCfg = Debug|Any CPU
		{A0FC2C4E-B6D6-48F8-8797-EE1FD5830005}.Debug|Any CPU.Build.0 = Debug|Any CPU
		{A0FC2C4E-B6D6-48F8-8797-EE1FD5830005}.Debug|Any CPU.Deploy.0 = Debug|Any CPU
		{A0FC2C4E-B6D6-48F8-8797-EE1FD5830005}.Debug|iPhone.ActiveCfg = Debug|Any CPU
		{A0FC2C4E-B6D6-48F8-8797-EE1FD5830005}.Debug|iPhone.Build.0 = Debug|Any CPU
		{A0FC2C4E-B6D6-48F8-8797-EE1FD5830005}.Debug|iPhone.Deploy.0 = Debug|Any CPU
		{A0FC2C4E-B6D6-48F8-8797-EE1FD5830005}.Debug|iPhoneSimulator.ActiveCfg = Debug|Any CPU
		{A0FC2C4E-B6D6-48F8-8797-EE1FD5830005}.Debug|iPhoneSimulator.Build.0 = Debug|Any CPU
		{A0FC2C4E-B6D6-48F8-8797-EE1FD5830005}.Debug|iPhoneSimulator.Deploy.0 = Debug|Any CPU
		{A0FC2C4E-B6D6-48F8-8797-EE1FD5830005}.Release|Any CPU.ActiveCfg = Release|Any CPU
		{A0FC2C4E-B6D6-48F8-8797-EE1FD5830005}.Release|Any CPU.Build.0 = Release|Any CPU
		{A0FC2C4E-B6D6-48F8-8797-EE1FD5830005}.Release|Any CPU.Deploy.0 = Release|Any CPU
		{A0FC2C4E-B6D6-48F8-8797-EE1FD5830005}.Release|iPhone.ActiveCfg = Release|Any CPU
		{A0FC2C4E-B6D6-48F8-8797-EE1FD5830005}.Release|iPhone.Build.0 = Release|Any CPU
		{A0FC2C4E-B6D6-48F8-8797-EE1FD5830005}.Release|iPhone.Deploy.0 = Release|Any CPU
		{A0FC2C4E-B6D6-48F8-8797-EE1FD5830005}.Release|iPhoneSimulator.ActiveCfg = Release|Any CPU
		{A0FC2C4E-B6D6-48F8-8797-EE1FD5830005}.Release|iPhoneSimulator.Build.0 = Release|Any CPU
		{A0FC2C4E-B6D6-48F8-8797-EE1FD5830005}.Release|iPhoneSimulator.Deploy.0 = Release|Any CPU
		{F429B052-4723-40BB-8EF3-3037A8F69E45}.Debug|Any CPU.ActiveCfg = Debug|iPhone
		{F429B052-4723-40BB-8EF3-3037A8F69E45}.Debug|Any CPU.Build.0 = Debug|iPhone
		{F429B052-4723-40BB-8EF3-3037A8F69E45}.Debug|Any CPU.Deploy.0 = Debug|iPhone
		{F429B052-4723-40BB-8EF3-3037A8F69E45}.Debug|iPhone.ActiveCfg = Debug|iPhone
		{F429B052-4723-40BB-8EF3-3037A8F69E45}.Debug|iPhone.Build.0 = Debug|iPhone
		{F429B052-4723-40BB-8EF3-3037A8F69E45}.Debug|iPhone.Deploy.0 = Debug|iPhone
		{F429B052-4723-40BB-8EF3-3037A8F69E45}.Debug|iPhoneSimulator.ActiveCfg = Debug|iPhoneSimulator
		{F429B052-4723-40BB-8EF3-3037A8F69E45}.Debug|iPhoneSimulator.Build.0 = Debug|iPhoneSimulator
		{F429B052-4723-40BB-8EF3-3037A8F69E45}.Debug|iPhoneSimulator.Deploy.0 = Debug|iPhoneSimulator
		{F429B052-4723-40BB-8EF3-3037A8F69E45}.Release|Any CPU.ActiveCfg = Release|iPhoneSimulator
		{F429B052-4723-40BB-8EF3-3037A8F69E45}.Release|Any CPU.Build.0 = Release|iPhoneSimulator
		{F429B052-4723-40BB-8EF3-3037A8F69E45}.Release|Any CPU.Deploy.0 = Release|iPhoneSimulator
		{F429B052-4723-40BB-8EF3-3037A8F69E45}.Release|iPhone.ActiveCfg = Release|iPhone
		{F429B052-4723-40BB-8EF3-3037A8F69E45}.Release|iPhone.Build.0 = Release|iPhone
		{F429B052-4723-40BB-8EF3-3037A8F69E45}.Release|iPhone.Deploy.0 = Release|iPhone
		{F429B052-4723-40BB-8EF3-3037A8F69E45}.Release|iPhoneSimulator.ActiveCfg = Release|iPhoneSimulator
		{F429B052-4723-40BB-8EF3-3037A8F69E45}.Release|iPhoneSimulator.Build.0 = Release|iPhoneSimulator
		{F429B052-4723-40BB-8EF3-3037A8F69E45}.Release|iPhoneSimulator.Deploy.0 = Release|iPhoneSimulator
		{41856D27-9D4D-4FE5-991F-FF30654292A2}.Debug|Any CPU.ActiveCfg = Debug|Any CPU
		{41856D27-9D4D-4FE5-991F-FF30654292A2}.Debug|Any CPU.Build.0 = Debug|Any CPU
		{41856D27-9D4D-4FE5-991F-FF30654292A2}.Debug|Any CPU.Deploy.0 = Debug|Any CPU
		{41856D27-9D4D-4FE5-991F-FF30654292A2}.Debug|iPhone.ActiveCfg = Debug|Any CPU
		{41856D27-9D4D-4FE5-991F-FF30654292A2}.Debug|iPhone.Build.0 = Debug|Any CPU
		{41856D27-9D4D-4FE5-991F-FF30654292A2}.Debug|iPhone.Deploy.0 = Debug|Any CPU
		{41856D27-9D4D-4FE5-991F-FF30654292A2}.Debug|iPhoneSimulator.ActiveCfg = Debug|Any CPU
		{41856D27-9D4D-4FE5-991F-FF30654292A2}.Debug|iPhoneSimulator.Build.0 = Debug|Any CPU
		{41856D27-9D4D-4FE5-991F-FF30654292A2}.Debug|iPhoneSimulator.Deploy.0 = Debug|Any CPU
		{41856D27-9D4D-4FE5-991F-FF30654292A2}.Release|Any CPU.ActiveCfg = Release|Any CPU
		{41856D27-9D4D-4FE5-991F-FF30654292A2}.Release|Any CPU.Build.0 = Release|Any CPU
		{41856D27-9D4D-4FE5-991F-FF30654292A2}.Release|Any CPU.Deploy.0 = Release|Any CPU
		{41856D27-9D4D-4FE5-991F-FF30654292A2}.Release|iPhone.ActiveCfg = Release|Any CPU
		{41856D27-9D4D-4FE5-991F-FF30654292A2}.Release|iPhone.Build.0 = Release|Any CPU
		{41856D27-9D4D-4FE5-991F-FF30654292A2}.Release|iPhone.Deploy.0 = Release|Any CPU
		{41856D27-9D4D-4FE5-991F-FF30654292A2}.Release|iPhoneSimulator.ActiveCfg = Release|Any CPU
		{41856D27-9D4D-4FE5-991F-FF30654292A2}.Release|iPhoneSimulator.Build.0 = Release|Any CPU
		{41856D27-9D4D-4FE5-991F-FF30654292A2}.Release|iPhoneSimulator.Deploy.0 = Release|Any CPU
	EndGlobalSection
	GlobalSection(SolutionProperties) = preSolution
		HideSolutionNode = FALSE
	EndGlobalSection
	GlobalSection(ExtensibilityGlobals) = postSolution
		SolutionGuid = {20379D26-EE3A-45D6-9146-9BCD9A8E91D9}
	EndGlobalSection
EndGlobal
